// !$*UTF8*$!
{
	archiveVersion = 1;
	classes = {
	};
	objectVersion = 46;
	objects = {

/* Begin PBXBuildFile section */
		8B885F4F1C113A20006B820A /* AppDelegate.swift in Sources */ = {isa = PBXBuildFile; fileRef = 8B885F4E1C113A20006B820A /* AppDelegate.swift */; };
		8B885F511C113A20006B820A /* ViewController.swift in Sources */ = {isa = PBXBuildFile; fileRef = 8B885F501C113A20006B820A /* ViewController.swift */; };
		8B885F541C113A20006B820A /* Main.storyboard in Resources */ = {isa = PBXBuildFile; fileRef = 8B885F521C113A20006B820A /* Main.storyboard */; };
		8B885F561C113A20006B820A /* Assets.xcassets in Resources */ = {isa = PBXBuildFile; fileRef = 8B885F551C113A20006B820A /* Assets.xcassets */; };
		8B885F591C113A20006B820A /* LaunchScreen.storyboard in Resources */ = {isa = PBXBuildFile; fileRef = 8B885F571C113A20006B820A /* LaunchScreen.storyboard */; };
		8B885F5E1C113A21006B820A /* PickerImagesApp WatchKit App.app in Embed Watch Content */ = {isa = PBXBuildFile; fileRef = 8B885F5D1C113A21006B820A /* PickerImagesApp WatchKit App.app */; };
		8B885F641C113A21006B820A /* Interface.storyboard in Resources */ = {isa = PBXBuildFile; fileRef = 8B885F621C113A21006B820A /* Interface.storyboard */; };
		8B885F661C113A21006B820A /* Assets.xcassets in Resources */ = {isa = PBXBuildFile; fileRef = 8B885F651C113A21006B820A /* Assets.xcassets */; };
		8B885F6D1C113A21006B820A /* PickerImagesApp WatchKit Extension.appex in Embed App Extensions */ = {isa = PBXBuildFile; fileRef = 8B885F6C1C113A21006B820A /* PickerImagesApp WatchKit Extension.appex */; settings = {ATTRIBUTES = (RemoveHeadersOnCopy, ); }; };
		8B885F721C113A21006B820A /* InterfaceController.swift in Sources */ = {isa = PBXBuildFile; fileRef = 8B885F711C113A21006B820A /* InterfaceController.swift */; };
		8B885F741C113A21006B820A /* ExtensionDelegate.swift in Sources */ = {isa = PBXBuildFile; fileRef = 8B885F731C113A21006B820A /* ExtensionDelegate.swift */; };
		8B885F761C113A21006B820A /* Assets.xcassets in Resources */ = {isa = PBXBuildFile; fileRef = 8B885F751C113A21006B820A /* Assets.xcassets */; };
/* End PBXBuildFile section */

/* Begin PBXContainerItemProxy section */
		8B885F5F1C113A21006B820A /* PBXContainerItemProxy */ = {
			isa = PBXContainerItemProxy;
			containerPortal = 8B885F431C113A20006B820A /* Project object */;
			proxyType = 1;
			remoteGlobalIDString = 8B885F5C1C113A21006B820A;
			remoteInfo = "PickerImagesApp WatchKit App";
		};
		8B885F6E1C113A21006B820A /* PBXContainerItemProxy */ = {
			isa = PBXContainerItemProxy;
			containerPortal = 8B885F431C113A20006B820A /* Project object */;
			proxyType = 1;
			remoteGlobalIDString = 8B885F6B1C113A21006B820A;
			remoteInfo = "PickerImagesApp WatchKit Extension";
		};
/* End PBXContainerItemProxy section */

/* Begin PBXCopyFilesBuildPhase section */
		8B885F7D1C113A21006B820A /* Embed App Extensions */ = {
			isa = PBXCopyFilesBuildPhase;
			buildActionMask = 2147483647;
			dstPath = "";
			dstSubfolderSpec = 13;
			files = (
				8B885F6D1C113A21006B820A /* PickerImagesApp WatchKit Extension.appex in Embed App Extensions */,
			);
			name = "Embed App Extensions";
			runOnlyForDeploymentPostprocessing = 0;
		};
		8B885F811C113A21006B820A /* Embed Watch Content */ = {
			isa = PBXCopyFilesBuildPhase;
			buildActionMask = 2147483647;
			dstPath = "$(CONTENTS_FOLDER_PATH)/Watch";
			dstSubfolderSpec = 16;
			files = (
				8B885F5E1C113A21006B820A /* PickerImagesApp WatchKit App.app in Embed Watch Content */,
			);
			name = "Embed Watch Content";
			runOnlyForDeploymentPostprocessing = 0;
		};
/* End PBXCopyFilesBuildPhase section */

/* Begin PBXFileReference section */
		8B885F4B1C113A20006B820A /* PickerImagesApp.app */ = {isa = PBXFileReference; explicitFileType = wrapper.application; includeInIndex = 0; path = PickerImagesApp.app; sourceTree = BUILT_PRODUCTS_DIR; };
		8B885F4E1C113A20006B820A /* AppDelegate.swift */ = {isa = PBXFileReference; lastKnownFileType = sourcecode.swift; path = AppDelegate.swift; sourceTree = "<group>"; };
		8B885F501C113A20006B820A /* ViewController.swift */ = {isa = PBXFileReference; lastKnownFileType = sourcecode.swift; path = ViewController.swift; sourceTree = "<group>"; };
		8B885F531C113A20006B820A /* Base */ = {isa = PBXFileReference; lastKnownFileType = file.storyboard; name = Base; path = Base.lproj/Main.storyboard; sourceTree = "<group>"; };
		8B885F551C113A20006B820A /* Assets.xcassets */ = {isa = PBXFileReference; lastKnownFileType = folder.assetcatalog; path = Assets.xcassets; sourceTree = "<group>"; };
		8B885F581C113A20006B820A /* Base */ = {isa = PBXFileReference; lastKnownFileType = file.storyboard; name = Base; path = Base.lproj/LaunchScreen.storyboard; sourceTree = "<group>"; };
		8B885F5A1C113A20006B820A /* Info.plist */ = {isa = PBXFileReference; lastKnownFileType = text.plist.xml; path = Info.plist; sourceTree = "<group>"; };
		8B885F5D1C113A21006B820A /* PickerImagesApp WatchKit App.app */ = {isa = PBXFileReference; explicitFileType = wrapper.application; includeInIndex = 0; path = "PickerImagesApp WatchKit App.app"; sourceTree = BUILT_PRODUCTS_DIR; };
		8B885F631C113A21006B820A /* Base */ = {isa = PBXFileReference; lastKnownFileType = file.storyboard; name = Base; path = Base.lproj/Interface.storyboard; sourceTree = "<group>"; };
		8B885F651C113A21006B820A /* Assets.xcassets */ = {isa = PBXFileReference; lastKnownFileType = folder.assetcatalog; path = Assets.xcassets; sourceTree = "<group>"; };
		8B885F671C113A21006B820A /* Info.plist */ = {isa = PBXFileReference; lastKnownFileType = text.plist.xml; path = Info.plist; sourceTree = "<group>"; };
		8B885F6C1C113A21006B820A /* PickerImagesApp WatchKit Extension.appex */ = {isa = PBXFileReference; explicitFileType = "wrapper.app-extension"; includeInIndex = 0; path = "PickerImagesApp WatchKit Extension.appex"; sourceTree = BUILT_PRODUCTS_DIR; };
		8B885F711C113A21006B820A /* InterfaceController.swift */ = {isa = PBXFileReference; lastKnownFileType = sourcecode.swift; path = InterfaceController.swift; sourceTree = "<group>"; };
		8B885F731C113A21006B820A /* ExtensionDelegate.swift */ = {isa = PBXFileReference; lastKnownFileType = sourcecode.swift; path = ExtensionDelegate.swift; sourceTree = "<group>"; };
		8B885F751C113A21006B820A /* Assets.xcassets */ = {isa = PBXFileReference; lastKnownFileType = folder.assetcatalog; path = Assets.xcassets; sourceTree = "<group>"; };
		8B885F771C113A21006B820A /* Info.plist */ = {isa = PBXFileReference; lastKnownFileType = text.plist.xml; path = Info.plist; sourceTree = "<group>"; };
/* End PBXFileReference section */

/* Begin PBXFrameworksBuildPhase section */
		8B885F481C113A20006B820A /* Frameworks */ = {
			isa = PBXFrameworksBuildPhase;
			buildActionMask = 2147483647;
			files = (
			);
			runOnlyForDeploymentPostprocessing = 0;
		};
		8B885F691C113A21006B820A /* Frameworks */ = {
			isa = PBXFrameworksBuildPhase;
			buildActionMask = 2147483647;
			files = (
			);
			runOnlyForDeploymentPostprocessing = 0;
		};
/* End PBXFrameworksBuildPhase section */

/* Begin PBXGroup section */
		8B885F421C113A20006B820A = {
			isa = PBXGroup;
			children = (
				8B885F4D1C113A20006B820A /* PickerImagesApp */,
				8B885F611C113A21006B820A /* PickerImagesApp WatchKit App */,
				8B885F701C113A21006B820A /* PickerImagesApp WatchKit Extension */,
				8B885F4C1C113A20006B820A /* Products */,
			);
			sourceTree = "<group>";
		};
		8B885F4C1C113A20006B820A /* Products */ = {
			isa = PBXGroup;
			children = (
				8B885F4B1C113A20006B820A /* PickerImagesApp.app */,
				8B885F5D1C113A21006B820A /* PickerImagesApp WatchKit App.app */,
				8B885F6C1C113A21006B820A /* PickerImagesApp WatchKit Extension.appex */,
			);
			name = Products;
			sourceTree = "<group>";
		};
		8B885F4D1C113A20006B820A /* PickerImagesApp */ = {
			isa = PBXGroup;
			children = (
				8B885F4E1C113A20006B820A /* AppDelegate.swift */,
				8B885F501C113A20006B820A /* ViewController.swift */,
				8B885F521C113A20006B820A /* Main.storyboard */,
				8B885F551C113A20006B820A /* Assets.xcassets */,
				8B885F571C113A20006B820A /* LaunchScreen.storyboard */,
				8B885F5A1C113A20006B820A /* Info.plist */,
			);
			path = PickerImagesApp;
			sourceTree = "<group>";
		};
		8B885F611C113A21006B820A /* PickerImagesApp WatchKit App */ = {
			isa = PBXGroup;
			children = (
				8B885F621C113A21006B820A /* Interface.storyboard */,
				8B885F651C113A21006B820A /* Assets.xcassets */,
				8B885F671C113A21006B820A /* Info.plist */,
			);
			path = "PickerImagesApp WatchKit App";
			sourceTree = "<group>";
		};
		8B885F701C113A21006B820A /* PickerImagesApp WatchKit Extension */ = {
			isa = PBXGroup;
			children = (
				8B885F711C113A21006B820A /* InterfaceController.swift */,
				8B885F731C113A21006B820A /* ExtensionDelegate.swift */,
				8B885F751C113A21006B820A /* Assets.xcassets */,
				8B885F771C113A21006B820A /* Info.plist */,
			);
			path = "PickerImagesApp WatchKit Extension";
			sourceTree = "<group>";
		};
/* End PBXGroup section */

/* Begin PBXNativeTarget section */
		8B885F4A1C113A20006B820A /* PickerImagesApp */ = {
			isa = PBXNativeTarget;
			buildConfigurationList = 8B885F821C113A21006B820A /* Build configuration list for PBXNativeTarget "PickerImagesApp" */;
			buildPhases = (
				8B885F471C113A20006B820A /* Sources */,
				8B885F481C113A20006B820A /* Frameworks */,
				8B885F491C113A20006B820A /* Resources */,
				8B885F811C113A21006B820A /* Embed Watch Content */,
			);
			buildRules = (
			);
			dependencies = (
				8B885F601C113A21006B820A /* PBXTargetDependency */,
			);
			name = PickerImagesApp;
			productName = PickerImagesApp;
			productReference = 8B885F4B1C113A20006B820A /* PickerImagesApp.app */;
			productType = "com.apple.product-type.application";
		};
		8B885F5C1C113A21006B820A /* PickerImagesApp WatchKit App */ = {
			isa = PBXNativeTarget;
			buildConfigurationList = 8B885F7E1C113A21006B820A /* Build configuration list for PBXNativeTarget "PickerImagesApp WatchKit App" */;
			buildPhases = (
				8B885F5B1C113A21006B820A /* Resources */,
				8B885F7D1C113A21006B820A /* Embed App Extensions */,
			);
			buildRules = (
			);
			dependencies = (
				8B885F6F1C113A21006B820A /* PBXTargetDependency */,
			);
			name = "PickerImagesApp WatchKit App";
			productName = "PickerImagesApp WatchKit App";
			productReference = 8B885F5D1C113A21006B820A /* PickerImagesApp WatchKit App.app */;
			productType = "com.apple.product-type.application.watchapp2";
		};
		8B885F6B1C113A21006B820A /* PickerImagesApp WatchKit Extension */ = {
			isa = PBXNativeTarget;
			buildConfigurationList = 8B885F7A1C113A21006B820A /* Build configuration list for PBXNativeTarget "PickerImagesApp WatchKit Extension" */;
			buildPhases = (
				8B885F681C113A21006B820A /* Sources */,
				8B885F691C113A21006B820A /* Frameworks */,
				8B885F6A1C113A21006B820A /* Resources */,
			);
			buildRules = (
			);
			dependencies = (
			);
			name = "PickerImagesApp WatchKit Extension";
			productName = "PickerImagesApp WatchKit Extension";
			productReference = 8B885F6C1C113A21006B820A /* PickerImagesApp WatchKit Extension.appex */;
			productType = "com.apple.product-type.watchkit2-extension";
		};
/* End PBXNativeTarget section */

/* Begin PBXProject section */
		8B885F431C113A20006B820A /* Project object */ = {
			isa = PBXProject;
			attributes = {
				LastSwiftUpdateCheck = 0710;
				LastUpgradeCheck = 0710;
				ORGANIZATIONNAME = "Curtis Ruhlman";
				TargetAttributes = {
					8B885F4A1C113A20006B820A = {
						CreatedOnToolsVersion = 7.1.1;
						DevelopmentTeam = B8FXUDFU6U;
					};
					8B885F5C1C113A21006B820A = {
						CreatedOnToolsVersion = 7.1.1;
						DevelopmentTeam = B8FXUDFU6U;
					};
					8B885F6B1C113A21006B820A = {
						CreatedOnToolsVersion = 7.1.1;
						DevelopmentTeam = B8FXUDFU6U;
					};
				};
			};
			buildConfigurationList = 8B885F461C113A20006B820A /* Build configuration list for PBXProject "PickerImagesApp" */;
			compatibilityVersion = "Xcode 3.2";
			developmentRegion = English;
			hasScannedForEncodings = 0;
			knownRegions = (
				en,
				Base,
			);
			mainGroup = 8B885F421C113A20006B820A;
			productRefGroup = 8B885F4C1C113A20006B820A /* Products */;
			projectDirPath = "";
			projectRoot = "";
			targets = (
				8B885F4A1C113A20006B820A /* PickerImagesApp */,
				8B885F5C1C113A21006B820A /* PickerImagesApp WatchKit App */,
				8B885F6B1C113A21006B820A /* PickerImagesApp WatchKit Extension */,
			);
		};
/* End PBXProject section */

/* Begin PBXResourcesBuildPhase section */
		8B885F491C113A20006B820A /* Resources */ = {
			isa = PBXResourcesBuildPhase;
			buildActionMask = 2147483647;
			files = (
				8B885F591C113A20006B820A /* LaunchScreen.storyboard in Resources */,
				8B885F561C113A20006B820A /* Assets.xcassets in Resources */,
				8B885F541C113A20006B820A /* Main.storyboard in Resources */,
			);
			runOnlyForDeploymentPostprocessing = 0;
		};
		8B885F5B1C113A21006B820A /* Resources */ = {
			isa = PBXResourcesBuildPhase;
			buildActionMask = 2147483647;
			files = (
				8B885F661C113A21006B820A /* Assets.xcassets in Resources */,
				8B885F641C113A21006B820A /* Interface.storyboard in Resources */,
			);
			runOnlyForDeploymentPostprocessing = 0;
		};
		8B885F6A1C113A21006B820A /* Resources */ = {
			isa = PBXResourcesBuildPhase;
			buildActionMask = 2147483647;
			files = (
				8B885F761C113A21006B820A /* Assets.xcassets in Resources */,
			);
			runOnlyForDeploymentPostprocessing = 0;
		};
/* End PBXResourcesBuildPhase section */

/* Begin PBXSourcesBuildPhase section */
		8B885F471C113A20006B820A /* Sources */ = {
			isa = PBXSourcesBuildPhase;
			buildActionMask = 2147483647;
			files = (
				8B885F511C113A20006B820A /* ViewController.swift in Sources */,
				8B885F4F1C113A20006B820A /* AppDelegate.swift in Sources */,
			);
			runOnlyForDeploymentPostprocessing = 0;
		};
		8B885F681C113A21006B820A /* Sources */ = {
			isa = PBXSourcesBuildPhase;
			buildActionMask = 2147483647;
			files = (
				8B885F741C113A21006B820A /* ExtensionDelegate.swift in Sources */,
				8B885F721C113A21006B820A /* InterfaceController.swift in Sources */,
			);
			runOnlyForDeploymentPostprocessing = 0;
		};
/* End PBXSourcesBuildPhase section */

/* Begin PBXTargetDependency section */
		8B885F601C113A21006B820A /* PBXTargetDependency */ = {
			isa = PBXTargetDependency;
			target = 8B885F5C1C113A21006B820A /* PickerImagesApp WatchKit App */;
			targetProxy = 8B885F5F1C113A21006B820A /* PBXContainerItemProxy */;
		};
		8B885F6F1C113A21006B820A /* PBXTargetDependency */ = {
			isa = PBXTargetDependency;
			target = 8B885F6B1C113A21006B820A /* PickerImagesApp WatchKit Extension */;
			targetProxy = 8B885F6E1C113A21006B820A /* PBXContainerItemProxy */;
		};
/* End PBXTargetDependency section */

/* Begin PBXVariantGroup section */
		8B885F521C113A20006B820A /* Main.storyboard */ = {
			isa = PBXVariantGroup;
			children = (
				8B885F531C113A20006B820A /* Base */,
			);
			name = Main.storyboard;
			sourceTree = "<group>";
		};
		8B885F571C113A20006B820A /* LaunchScreen.storyboard */ = {
			isa = PBXVariantGroup;
			children = (
				8B885F581C113A20006B820A /* Base */,
			);
			name = LaunchScreen.storyboard;
			sourceTree = "<group>";
		};
		8B885F621C113A21006B820A /* Interface.storyboard */ = {
			isa = PBXVariantGroup;
			children = (
				8B885F631C113A21006B820A /* Base */,
			);
			name = Interface.storyboard;
			sourceTree = "<group>";
		};
/* End PBXVariantGroup section */

/* Begin XCBuildConfiguration section */
		8B885F781C113A21006B820A /* Debug */ = {
			isa = XCBuildConfiguration;
			buildSettings = {
				ALWAYS_SEARCH_USER_PATHS = NO;
				CLANG_CXX_LANGUAGE_STANDARD = "gnu++0x";
				CLANG_CXX_LIBRARY = "libc++";
				CLANG_ENABLE_MODULES = YES;
				CLANG_ENABLE_OBJC_ARC = YES;
				CLANG_WARN_BOOL_CONVERSION = YES;
				CLANG_WARN_CONSTANT_CONVERSION = YES;
				CLANG_WARN_DIRECT_OBJC_ISA_USAGE = YES_ERROR;
				CLANG_WARN_EMPTY_BODY = YES;
				CLANG_WARN_ENUM_CONVERSION = YES;
				CLANG_WARN_INT_CONVERSION = YES;
				CLANG_WARN_OBJC_ROOT_CLASS = YES_ERROR;
				CLANG_WARN_UNREACHABLE_CODE = YES;
				CLANG_WARN__DUPLICATE_METHOD_MATCH = YES;
				"CODE_SIGN_IDENTITY[sdk=iphoneos*]" = "iPhone Developer";
				COPY_PHASE_STRIP = NO;
				DEBUG_INFORMATION_FORMAT = dwarf;
				ENABLE_STRICT_OBJC_MSGSEND = YES;
				ENABLE_TESTABILITY = YES;
				GCC_C_LANGUAGE_STANDARD = gnu99;
				GCC_DYNAMIC_NO_PIC = NO;
				GCC_NO_COMMON_BLOCKS = YES;
				GCC_OPTIMIZATION_LEVEL = 0;
				GCC_PREPROCESSOR_DEFINITIONS = (
					"DEBUG=1",
					"$(inherited)",
				);
				GCC_WARN_64_TO_32_BIT_CONVERSION = YES;
				GCC_WARN_ABOUT_RETURN_TYPE = YES_ERROR;
				GCC_WARN_UNDECLARED_SELECTOR = YES;
				GCC_WARN_UNINITIALIZED_AUTOS = YES_AGGRESSIVE;
				GCC_WARN_UNUSED_FUNCTION = YES;
				GCC_WARN_UNUSED_VARIABLE = YES;
				IPHONEOS_DEPLOYMENT_TARGET = 9.1;
				MTL_ENABLE_DEBUG_INFO = YES;
				ONLY_ACTIVE_ARCH = YES;
				SDKROOT = iphoneos;
				SWIFT_OPTIMIZATION_LEVEL = "-Onone";
				TARGETED_DEVICE_FAMILY = "1,2";
			};
			name = Debug;
		};
		8B885F791C113A21006B820A /* Release */ = {
			isa = XCBuildConfiguration;
			buildSettings = {
				ALWAYS_SEARCH_USER_PATHS = NO;
				CLANG_CXX_LANGUAGE_STANDARD = "gnu++0x";
				CLANG_CXX_LIBRARY = "libc++";
				CLANG_ENABLE_MODULES = YES;
				CLANG_ENABLE_OBJC_ARC = YES;
				CLANG_WARN_BOOL_CONVERSION = YES;
				CLANG_WARN_CONSTANT_CONVERSION = YES;
				CLANG_WARN_DIRECT_OBJC_ISA_USAGE = YES_ERROR;
				CLANG_WARN_EMPTY_BODY = YES;
				CLANG_WARN_ENUM_CONVERSION = YES;
				CLANG_WARN_INT_CONVERSION = YES;
				CLANG_WARN_OBJC_ROOT_CLASS = YES_ERROR;
				CLANG_WARN_UNREACHABLE_CODE = YES;
				CLANG_WARN__DUPLICATE_METHOD_MATCH = YES;
				"CODE_SIGN_IDENTITY[sdk=iphoneos*]" = "iPhone Developer";
				COPY_PHASE_STRIP = NO;
				DEBUG_INFORMATION_FORMAT = "dwarf-with-dsym";
				ENABLE_NS_ASSERTIONS = NO;
				ENABLE_STRICT_OBJC_MSGSEND = YES;
				GCC_C_LANGUAGE_STANDARD = gnu99;
				GCC_NO_COMMON_BLOCKS = YES;
				GCC_WARN_64_TO_32_BIT_CONVERSION = YES;
				GCC_WARN_ABOUT_RETURN_TYPE = YES_ERROR;
				GCC_WARN_UNDECLARED_SELECTOR = YES;
				GCC_WARN_UNINITIALIZED_AUTOS = YES_AGGRESSIVE;
				GCC_WARN_UNUSED_FUNCTION = YES;
				GCC_WARN_UNUSED_VARIABLE = YES;
				IPHONEOS_DEPLOYMENT_TARGET = 9.1;
				MTL_ENABLE_DEBUG_INFO = NO;
				SDKROOT = iphoneos;
				TARGETED_DEVICE_FAMILY = "1,2";
				VALIDATE_PRODUCT = YES;
			};
			name = Release;
		};
		8B885F7B1C113A21006B820A /* Debug */ = {
			isa = XCBuildConfiguration;
			buildSettings = {
				INFOPLIST_FILE = "PickerImagesApp WatchKit Extension/Info.plist";
				LD_RUNPATH_SEARCH_PATHS = "$(inherited) @executable_path/Frameworks @executable_path/../../Frameworks";
				PRODUCT_BUNDLE_IDENTIFIER = edu.self.PickerImagesApp.watchkitapp.watchkitextension;
				PRODUCT_NAME = "${TARGET_NAME}";
				SDKROOT = watchos;
				SKIP_INSTALL = YES;
				TARGETED_DEVICE_FAMILY = 4;
				WATCHOS_DEPLOYMENT_TARGET = 2.0;
			};
			name = Debug;
		};
		8B885F7C1C113A21006B820A /* Release */ = {
			isa = XCBuildConfiguration;
			buildSettings = {
				INFOPLIST_FILE = "PickerImagesApp WatchKit Extension/Info.plist";
				LD_RUNPATH_SEARCH_PATHS = "$(inherited) @executable_path/Frameworks @executable_path/../../Frameworks";
				PRODUCT_BUNDLE_IDENTIFIER = edu.self.PickerImagesApp.watchkitapp.watchkitextension;
				PRODUCT_NAME = "${TARGET_NAME}";
				SDKROOT = watchos;
				SKIP_INSTALL = YES;
				TARGETED_DEVICE_FAMILY = 4;
				WATCHOS_DEPLOYMENT_TARGET = 2.0;
			};
			name = Release;
		};
		8B885F7F1C113A21006B820A /* Debug */ = {
			isa = XCBuildConfiguration;
			buildSettings = {
				ASSETCATALOG_COMPILER_APPICON_NAME = AppIcon;
				EMBEDDED_CONTENT_CONTAINS_SWIFT = YES;
				IBSC_MODULE = PickerImagesApp_WatchKit_Extension;
				INFOPLIST_FILE = "PickerImagesApp WatchKit App/Info.plist";
				PRODUCT_BUNDLE_IDENTIFIER = edu.self.PickerImagesApp.watchkitapp;
				PRODUCT_NAME = "$(TARGET_NAME)";
				SDKROOT = watchos;
				SKIP_INSTALL = YES;
				TARGETED_DEVICE_FAMILY = 4;
				WATCHOS_DEPLOYMENT_TARGET = 2.0;
			};
			name = Debug;
		};
		8B885F801C113A21006B820A /* Release */ = {
			isa = XCBuildConfiguration;
			buildSettings = {
				ASSETCATALOG_COMPILER_APPICON_NAME = AppIcon;
				EMBEDDED_CONTENT_CONTAINS_SWIFT = YES;
				IBSC_MODULE = PickerImagesApp_WatchKit_Extension;
				INFOPLIST_FILE = "PickerImagesApp WatchKit App/Info.plist";
				PRODUCT_BUNDLE_IDENTIFIER = edu.self.PickerImagesApp.watchkitapp;
				PRODUCT_NAME = "$(TARGET_NAME)";
				SDKROOT = watchos;
				SKIP_INSTALL = YES;
				TARGETED_DEVICE_FAMILY = 4;
				WATCHOS_DEPLOYMENT_TARGET = 2.0;
			};
			name = Release;
		};
		8B885F831C113A21006B820A /* Debug */ = {
			isa = XCBuildConfiguration;
			buildSettings = {
				ASSETCATALOG_COMPILER_APPICON_NAME = AppIcon;
				INFOPLIST_FILE = PickerImagesApp/Info.plist;
				LD_RUNPATH_SEARCH_PATHS = "$(inherited) @executable_path/Frameworks";
				PRODUCT_BUNDLE_IDENTIFIER = edu.self.PickerImagesApp;
				PRODUCT_NAME = "$(TARGET_NAME)";
			};
			name = Debug;
		};
		8B885F841C113A21006B820A /* Release */ = {
			isa = XCBuildConfiguration;
			buildSettings = {
				ASSETCATALOG_COMPILER_APPICON_NAME = AppIcon;
				INFOPLIST_FILE = PickerImagesApp/Info.plist;
				LD_RUNPATH_SEARCH_PATHS = "$(inherited) @executable_path/Frameworks";
				PRODUCT_BUNDLE_IDENTIFIER = edu.self.PickerImagesApp;
				PRODUCT_NAME = "$(TARGET_NAME)";
			};
			name = Release;
		};
/* End XCBuildConfiguration section */

/* Begin XCConfigurationList section */
		8B885F461C113A20006B820A /* Build configuration list for PBXProject "PickerImagesApp" */ = {
			isa = XCConfigurationList;
			buildConfigurations = (
				8B885F781C113A21006B820A /* Debug */,
				8B885F791C113A21006B820A /* Release */,
			);
			defaultConfigurationIsVisible = 0;
			defaultConfigurationName = Release;
		};
		8B885F7A1C113A21006B820A /* Build configuration list for PBXNativeTarget "PickerImagesApp WatchKit Extension" */ = {
			isa = XCConfigurationList;
			buildConfigurations = (
				8B885F7B1C113A21006B820A /* Debug */,
				8B885F7C1C113A21006B820A /* Release */,
			);
			defaultConfigurationIsVisible = 0;
		};
		8B885F7E1C113A21006B820A /* Build configuration list for PBXNativeTarget "PickerImagesApp WatchKit App" */ = {
			isa = XCConfigurationList;
			buildConfigurations = (
				8B885F7F1C113A21006B820A /* Debug */,
				8B885F801C113A21006B820A /* Release */,
			);
			defaultConfigurationIsVisible = 0;
		};
		8B885F821C113A21006B820A /* Build configuration list for PBXNativeTarget "PickerImagesApp" */ = {
			isa = XCConfigurationList;
			buildConfigurations = (
				8B885F831C113A21006B820A /* Debug */,
				8B885F841C113A21006B820A /* Release */,
			);
			defaultConfigurationIsVisible = 0;
		};
/* End XCConfigurationList section */
	};
	rootObject = 8B885F431C113A20006B820A /* Project object */;
}
